
Microsoft Visual Studio Solution File, Format Version 12.00
# Visual Studio Version 16
VisualStudioVersion = 16.0.30105.148
MinimumVisualStudioVersion = 10.0.40219.1
Project("{9A19103F-16F7-4668-BE54-9A1E7A4F7556}") = "Sample.Elasticsearch.WebApi", "src\Sample.Elasticsearch.WebApi\Sample.Elasticsearch.WebApi.csproj", "{2CAF22E2-6510-4B11-8F5F-89E0A3C05010}"
EndProject
Project("{E53339B2-1760-4266-BCC7-CA923CBCF16C}") = "docker-compose", "src\docker-compose.dcproj", "{18F6D3A5-091F-4A10-B5BC-57E2239C80D6}"
EndProject
Project("{2150E333-8FDC-42A3-9474-1A3956D46DE8}") = "Presentation", "Presentation", "{1F4C7FFA-7156-4355-A604-34293A63EDB1}"
EndProject
Project("{9A19103F-16F7-4668-BE54-9A1E7A4F7556}") = "Sample.Elasticsearch.WebApi.Core", "src\Sample.Elasticsearch.WebApi.Core\Sample.Elasticsearch.WebApi.Core.csproj", "{EAE3FF16-13E9-42CA-93B7-43660C14A7A1}"
EndProject
Project("{2150E333-8FDC-42A3-9474-1A3956D46DE8}") = "Infrastructure", "Infrastructure", "{E28E2BD8-FC75-4726-89D4-60BA3D739963}"
EndProject
Project("{9A19103F-16F7-4668-BE54-9A1E7A4F7556}") = "Sample.Elasticsearch.Domain", "src\Sample.Elasticsearch.Domain\Sample.Elasticsearch.Domain.csproj", "{8038EF31-9DC6-4AF4-AC1A-A36C4C918B53}"
EndProject
Global
	GlobalSection(SolutionConfigurationPlatforms) = preSolution
		Debug|Any CPU = Debug|Any CPU
		Release|Any CPU = Release|Any CPU
	EndGlobalSection
	GlobalSection(ProjectConfigurationPlatforms) = postSolution
		{2CAF22E2-6510-4B11-8F5F-89E0A3C05010}.Debug|Any CPU.ActiveCfg = Debug|Any CPU
		{2CAF22E2-6510-4B11-8F5F-89E0A3C05010}.Debug|Any CPU.Build.0 = Debug|Any CPU
		{2CAF22E2-6510-4B11-8F5F-89E0A3C05010}.Release|Any CPU.ActiveCfg = Release|Any CPU
		{2CAF22E2-6510-4B11-8F5F-89E0A3C05010}.Release|Any CPU.Build.0 = Release|Any CPU
		{18F6D3A5-091F-4A10-B5BC-57E2239C80D6}.Debug|Any CPU.ActiveCfg = Debug|Any CPU
		{18F6D3A5-091F-4A10-B5BC-57E2239C80D6}.Debug|Any CPU.Build.0 = Debug|Any CPU
		{18F6D3A5-091F-4A10-B5BC-57E2239C80D6}.Release|Any CPU.ActiveCfg = Release|Any CPU
		{18F6D3A5-091F-4A10-B5BC-57E2239C80D6}.Release|Any CPU.Build.0 = Release|Any CPU
		{EAE3FF16-13E9-42CA-93B7-43660C14A7A1}.Debug|Any CPU.ActiveCfg = Debug|Any CPU
		{EAE3FF16-13E9-42CA-93B7-43660C14A7A1}.Debug|Any CPU.Build.0 = Debug|Any CPU
		{EAE3FF16-13E9-42CA-93B7-43660C14A7A1}.Release|Any CPU.ActiveCfg = Release|Any CPU
		{EAE3FF16-13E9-42CA-93B7-43660C14A7A1}.Release|Any CPU.Build.0 = Release|Any CPU
		{8038EF31-9DC6-4AF4-AC1A-A36C4C918B53}.Debug|Any CPU.ActiveCfg = Debug|Any CPU
		{8038EF31-9DC6-4AF4-AC1A-A36C4C918B53}.Debug|Any CPU.Build.0 = Debug|Any CPU
		{8038EF31-9DC6-4AF4-AC1A-A36C4C918B53}.Release|Any CPU.ActiveCfg = Release|Any CPU
		{8038EF31-9DC6-4AF4-AC1A-A36C4C918B53}.Release|Any CPU.Build.0 = Release|Any CPU
	EndGlobalSection
	GlobalSection(SolutionProperties) = preSolution
		HideSolutionNode = FALSE
	EndGlobalSection
	GlobalSection(NestedProjects) = preSolution
		{2CAF22E2-6510-4B11-8F5F-89E0A3C05010} = {1F4C7FFA-7156-4355-A604-34293A63EDB1}
		{EAE3FF16-13E9-42CA-93B7-43660C14A7A1} = {1F4C7FFA-7156-4355-A604-34293A63EDB1}
		{8038EF31-9DC6-4AF4-AC1A-A36C4C918B53} = {E28E2BD8-FC75-4726-89D4-60BA3D739963}
	EndGlobalSection
	GlobalSection(ExtensibilityGlobals) = postSolution
		SolutionGuid = {EED24293-FCEB-4257-A890-7B61D64A99FE}
	EndGlobalSection
EndGlobal
